// !$*UTF8*$!
{
	archiveVersion = 1;
	classes = {
	};
	objectVersion = 46;
	objects = {

/* Begin PBXBuildFile section */
		95AFC9A917DBD374000DA14F /* XXCLASS_PREFIXXXRootViewController.m in Sources */ = {isa = PBXBuildFile; fileRef = 95AFC9A817DBD374000DA14F /* XXCLASS_PREFIXXXRootViewController.m */; };
		95AFC9B417DBD4E2000DA14F /* Localizable.strings in Resources */ = {isa = PBXBuildFile; fileRef = 95AFC9B217DBD4E2000DA14F /* Localizable.strings */; };
		95DEE3E417DBCFEA00FA04CC /* UIKit.framework in Frameworks */ = {isa = PBXBuildFile; fileRef = 95DEE3E317DBCFEA00FA04CC /* UIKit.framework */; };
		95DEE3E617DBCFEA00FA04CC /* Foundation.framework in Frameworks */ = {isa = PBXBuildFile; fileRef = 95DEE3E517DBCFEA00FA04CC /* Foundation.framework */; };
		95DEE3E817DBCFEA00FA04CC /* CoreGraphics.framework in Frameworks */ = {isa = PBXBuildFile; fileRef = 95DEE3E717DBCFEA00FA04CC /* CoreGraphics.framework */; };
		95DEE3F017DBCFEA00FA04CC /* main.m in Sources */ = {isa = PBXBuildFile; fileRef = 95DEE3EF17DBCFEA00FA04CC /* main.m */; };
		95DEE40217DBCFEB00FA04CC /* SenTestingKit.framework in Frameworks */ = {isa = PBXBuildFile; fileRef = 95DEE40117DBCFEB00FA04CC /* SenTestingKit.framework */; };
		95DEE40317DBCFEB00FA04CC /* UIKit.framework in Frameworks */ = {isa = PBXBuildFile; fileRef = 95DEE3E317DBCFEA00FA04CC /* UIKit.framework */; };
		95DEE40417DBCFEB00FA04CC /* Foundation.framework in Frameworks */ = {isa = PBXBuildFile; fileRef = 95DEE3E517DBCFEA00FA04CC /* Foundation.framework */; };
		95DEE40F17DBCFEB00FA04CC /* XXPROJECT_IDXXTests.m in Sources */ = {isa = PBXBuildFile; fileRef = 95DEE40E17DBCFEB00FA04CC /* XXPROJECT_IDXXTests.m */; };
		95DEE42017DBD03700FA04CC /* Default-568h@2x.png in Resources */ = {isa = PBXBuildFile; fileRef = 95DEE41A17DBD03700FA04CC /* Default-568h@2x.png */; };
		95DEE42117DBD03700FA04CC /* Default.png in Resources */ = {isa = PBXBuildFile; fileRef = 95DEE41B17DBD03700FA04CC /* Default.png */; };
		95DEE42217DBD03700FA04CC /* Default@2x.png in Resources */ = {isa = PBXBuildFile; fileRef = 95DEE41C17DBD03700FA04CC /* Default@2x.png */; };
		95DEE42317DBD03700FA04CC /* XXCLASS_PREFIXXXAppDelegate.m in Sources */ = {isa = PBXBuildFile; fileRef = 95DEE41F17DBD03700FA04CC /* XXCLASS_PREFIXXXAppDelegate.m */; };
/* End PBXBuildFile section */

/* Begin PBXContainerItemProxy section */
		95DEE40517DBCFEB00FA04CC /* PBXContainerItemProxy */ = {
			isa = PBXContainerItemProxy;
			containerPortal = 95DEE3D817DBCFEA00FA04CC /* Project object */;
			proxyType = 1;
			remoteGlobalIDString = 95DEE3DF17DBCFEA00FA04CC;
			remoteInfo = XXPROJECT_TITLEXX;
		};
/* End PBXContainerItemProxy section */

/* Begin PBXFileReference section */
		95AFC9A717DBD374000DA14F /* XXCLASS_PREFIXXXRootViewController.h */ = {isa = PBXFileReference; fileEncoding = 4; lastKnownFileType = sourcecode.c.h; lineEnding = 0; path = XXCLASS_PREFIXXXRootViewController.h; sourceTree = "<group>"; xcLanguageSpecificationIdentifier = xcode.lang.objcpp; };
		95AFC9A817DBD374000DA14F /* XXCLASS_PREFIXXXRootViewController.m */ = {isa = PBXFileReference; fileEncoding = 4; lastKnownFileType = sourcecode.c.objc; lineEnding = 0; path = XXCLASS_PREFIXXXRootViewController.m; sourceTree = "<group>"; xcLanguageSpecificationIdentifier = xcode.lang.objc; };
		95AFC9B317DBD4E2000DA14F /* en */ = {isa = PBXFileReference; lastKnownFileType = text.plist.strings; lineEnding = 0; name = en; path = en.lproj/Localizable.strings; sourceTree = "<group>"; xcLanguageSpecificationIdentifier = xcode.lang.simpleColoring; };
		95AFC9B517DBD4E8000DA14F /* nl */ = {isa = PBXFileReference; lastKnownFileType = text.plist.strings; lineEnding = 0; name = nl; path = nl.lproj/Localizable.strings; sourceTree = "<group>"; xcLanguageSpecificationIdentifier = xcode.lang.simpleColoring; };
		95AFC9B617DBD76F000DA14F /* Base.xcconfig */ = {isa = PBXFileReference; lastKnownFileType = text.xcconfig; lineEnding = 0; path = Base.xcconfig; sourceTree = "<group>"; xcLanguageSpecificationIdentifier = xcode.lang.xcconfig; };
		95DEE3E017DBCFEA00FA04CC /* XXPROJECT_IDXX.app */ = {isa = PBXFileReference; explicitFileType = wrapper.application; includeInIndex = 0; path = XXPROJECT_IDXX.app; sourceTree = BUILT_PRODUCTS_DIR; };
		95DEE3E317DBCFEA00FA04CC /* UIKit.framework */ = {isa = PBXFileReference; lastKnownFileType = wrapper.framework; name = UIKit.framework; path = System/Library/Frameworks/UIKit.framework; sourceTree = SDKROOT; };
		95DEE3E517DBCFEA00FA04CC /* Foundation.framework */ = {isa = PBXFileReference; lastKnownFileType = wrapper.framework; name = Foundation.framework; path = System/Library/Frameworks/Foundation.framework; sourceTree = SDKROOT; };
		95DEE3E717DBCFEA00FA04CC /* CoreGraphics.framework */ = {isa = PBXFileReference; lastKnownFileType = wrapper.framework; name = CoreGraphics.framework; path = System/Library/Frameworks/CoreGraphics.framework; sourceTree = SDKROOT; };
		95DEE3EB17DBCFEA00FA04CC /* XXPROJECT_IDXX-Info.plist */ = {isa = PBXFileReference; lastKnownFileType = text.plist.xml; path = "XXPROJECT_IDXX-Info.plist"; sourceTree = "<group>"; };
		95DEE3EF17DBCFEA00FA04CC /* main.m */ = {isa = PBXFileReference; lastKnownFileType = sourcecode.c.objc; lineEnding = 0; path = main.m; sourceTree = "<group>"; xcLanguageSpecificationIdentifier = xcode.lang.objc; };
		95DEE3F117DBCFEA00FA04CC /* XXPROJECT_IDXX-Prefix.pch */ = {isa = PBXFileReference; lastKnownFileType = sourcecode.c.h; lineEnding = 0; path = "XXPROJECT_IDXX-Prefix.pch"; sourceTree = "<group>"; xcLanguageSpecificationIdentifier = xcode.lang.objc; };
		95DEE40017DBCFEB00FA04CC /* XXPROJECT_IDXXTests.octest */ = {isa = PBXFileReference; explicitFileType = wrapper.cfbundle; includeInIndex = 0; path = XXPROJECT_IDXXTests.octest; sourceTree = BUILT_PRODUCTS_DIR; };
		95DEE40117DBCFEB00FA04CC /* SenTestingKit.framework */ = {isa = PBXFileReference; lastKnownFileType = wrapper.framework; name = SenTestingKit.framework; path = Library/Frameworks/SenTestingKit.framework; sourceTree = DEVELOPER_DIR; };
		95DEE40E17DBCFEB00FA04CC /* XXPROJECT_IDXXTests.m */ = {isa = PBXFileReference; lastKnownFileType = sourcecode.c.objc; lineEnding = 0; path = XXPROJECT_IDXXTests.m; sourceTree = "<group>"; xcLanguageSpecificationIdentifier = xcode.lang.objc; };
		95DEE41A17DBD03700FA04CC /* Default-568h@2x.png */ = {isa = PBXFileReference; lastKnownFileType = image.png; path = "Default-568h@2x.png"; sourceTree = "<group>"; };
		95DEE41B17DBD03700FA04CC /* Default.png */ = {isa = PBXFileReference; lastKnownFileType = image.png; path = Default.png; sourceTree = "<group>"; };
		95DEE41C17DBD03700FA04CC /* Default@2x.png */ = {isa = PBXFileReference; lastKnownFileType = image.png; path = "Default@2x.png"; sourceTree = "<group>"; };
		95DEE41E17DBD03700FA04CC /* XXCLASS_PREFIXXXAppDelegate.h */ = {isa = PBXFileReference; fileEncoding = 4; lastKnownFileType = sourcecode.c.h; lineEnding = 0; path = XXCLASS_PREFIXXXAppDelegate.h; sourceTree = "<group>"; xcLanguageSpecificationIdentifier = xcode.lang.objcpp; };
		95DEE41F17DBD03700FA04CC /* XXCLASS_PREFIXXXAppDelegate.m */ = {isa = PBXFileReference; fileEncoding = 4; lastKnownFileType = sourcecode.c.objc; lineEnding = 0; path = XXCLASS_PREFIXXXAppDelegate.m; sourceTree = "<group>"; xcLanguageSpecificationIdentifier = xcode.lang.objc; };
/* End PBXFileReference section */

/* Begin PBXFrameworksBuildPhase section */
		95DEE3DD17DBCFEA00FA04CC /* Frameworks */ = {
			isa = PBXFrameworksBuildPhase;
			buildActionMask = 2147483647;
			files = (
				95DEE3E417DBCFEA00FA04CC /* UIKit.framework in Frameworks */,
				95DEE3E617DBCFEA00FA04CC /* Foundation.framework in Frameworks */,
				95DEE3E817DBCFEA00FA04CC /* CoreGraphics.framework in Frameworks */,
			);
			runOnlyForDeploymentPostprocessing = 0;
		};
		95DEE3FC17DBCFEB00FA04CC /* Frameworks */ = {
			isa = PBXFrameworksBuildPhase;
			buildActionMask = 2147483647;
			files = (
				95DEE40217DBCFEB00FA04CC /* SenTestingKit.framework in Frameworks */,
				95DEE40317DBCFEB00FA04CC /* UIKit.framework in Frameworks */,
				95DEE40417DBCFEB00FA04CC /* Foundation.framework in Frameworks */,
			);
			runOnlyForDeploymentPostprocessing = 0;
		};
/* End PBXFrameworksBuildPhase section */

/* Begin PBXGroup section */
		95DEE3D717DBCFEA00FA04CC = {
			isa = PBXGroup;
			children = (
				95DEE3E917DBCFEA00FA04CC /* XXPROJECT_IDXX */,
				95DEE40717DBCFEB00FA04CC /* XXPROJECT_IDXXTests */,
				95DEE3E217DBCFEA00FA04CC /* Frameworks */,
				95DEE3E117DBCFEA00FA04CC /* Products */,
			);
			sourceTree = "<group>";
		};
		95DEE3E117DBCFEA00FA04CC /* Products */ = {
			isa = PBXGroup;
			children = (
				95DEE3E017DBCFEA00FA04CC /* XXPROJECT_IDXX.app */,
				95DEE40017DBCFEB00FA04CC /* XXPROJECT_IDXXTests.octest */,
			);
			name = Products;
			sourceTree = "<group>";
		};
		95DEE3E217DBCFEA00FA04CC /* Frameworks */ = {
			isa = PBXGroup;
			children = (
				95DEE3E317DBCFEA00FA04CC /* UIKit.framework */,
				95DEE3E517DBCFEA00FA04CC /* Foundation.framework */,
				95DEE3E717DBCFEA00FA04CC /* CoreGraphics.framework */,
				95DEE40117DBCFEB00FA04CC /* SenTestingKit.framework */,
			);
			name = Frameworks;
			sourceTree = "<group>";
		};
		95DEE3E917DBCFEA00FA04CC /* XXPROJECT_IDXX */ = {
			isa = PBXGroup;
			children = (
				95DEE41817DBD03700FA04CC /* Config */,
				95DEE41917DBD03700FA04CC /* Images */,
				95DEE41D17DBD03700FA04CC /* Source */,
				95DEE3EA17DBCFEA00FA04CC /* Supporting Files */,
			);
			path = XXPROJECT_IDXX;
			sourceTree = "<group>";
		};
		95DEE3EA17DBCFEA00FA04CC /* Supporting Files */ = {
			isa = PBXGroup;
			children = (
				95AFC9B217DBD4E2000DA14F /* Localizable.strings */,
				95DEE3EB17DBCFEA00FA04CC /* XXPROJECT_IDXX-Info.plist */,
				95DEE3EF17DBCFEA00FA04CC /* main.m */,
				95DEE3F117DBCFEA00FA04CC /* XXPROJECT_IDXX-Prefix.pch */,
			);
			name = "Supporting Files";
			sourceTree = "<group>";
		};
		95DEE40717DBCFEB00FA04CC /* XXPROJECT_IDXXTests */ = {
			isa = PBXGroup;
			children = (
				95DEE40E17DBCFEB00FA04CC /* XXPROJECT_IDXXTests.m */,
			);
			path = XXPROJECT_IDXXTests;
			sourceTree = "<group>";
		};
		95DEE41817DBD03700FA04CC /* Config */ = {
			isa = PBXGroup;
			children = (
				95AFC9B617DBD76F000DA14F /* Base.xcconfig */,
			);
			path = Config;
			sourceTree = "<group>";
		};
		95DEE41917DBD03700FA04CC /* Images */ = {
			isa = PBXGroup;
			children = (
				95DEE41A17DBD03700FA04CC /* Default-568h@2x.png */,
				95DEE41B17DBD03700FA04CC /* Default.png */,
				95DEE41C17DBD03700FA04CC /* Default@2x.png */,
			);
			path = Images;
			sourceTree = "<group>";
		};
		95DEE41D17DBD03700FA04CC /* Source */ = {
			isa = PBXGroup;
			children = (
				95DEE41E17DBD03700FA04CC /* XXCLASS_PREFIXXXAppDelegate.h */,
				95DEE41F17DBD03700FA04CC /* XXCLASS_PREFIXXXAppDelegate.m */,
				95AFC9A717DBD374000DA14F /* XXCLASS_PREFIXXXRootViewController.h */,
				95AFC9A817DBD374000DA14F /* XXCLASS_PREFIXXXRootViewController.m */,
			);
			path = Source;
			sourceTree = "<group>";
		};
/* End PBXGroup section */

/* Begin PBXNativeTarget section */
		95DEE3DF17DBCFEA00FA04CC /* XXPROJECT_IDXX */ = {
			isa = PBXNativeTarget;
			buildConfigurationList = 95DEE41217DBCFEB00FA04CC /* Build configuration list for PBXNativeTarget "XXPROJECT_IDXX" */;
			buildPhases = (
				95DEE3DC17DBCFEA00FA04CC /* Sources */,
				95DEE3DD17DBCFEA00FA04CC /* Frameworks */,
				95DEE3DE17DBCFEA00FA04CC /* Resources */,
			);
			buildRules = (
			);
			dependencies = (
			);
			name = XXPROJECT_IDXX;
			productName = XXPROJECT_TITLEXX;
			productReference = 95DEE3E017DBCFEA00FA04CC /* XXPROJECT_IDXX.app */;
			productType = "com.apple.product-type.application";
		};
		95DEE3FF17DBCFEB00FA04CC /* XXPROJECT_IDXXTests */ = {
			isa = PBXNativeTarget;
			buildConfigurationList = 95DEE41517DBCFEB00FA04CC /* Build configuration list for PBXNativeTarget "XXPROJECT_IDXXTests" */;
			buildPhases = (
				95DEE3FB17DBCFEB00FA04CC /* Sources */,
				95DEE3FC17DBCFEB00FA04CC /* Frameworks */,
				95DEE3FD17DBCFEB00FA04CC /* Resources */,
				95DEE3FE17DBCFEB00FA04CC /* ShellScript */,
			);
			buildRules = (
			);
			dependencies = (
				95DEE40617DBCFEB00FA04CC /* PBXTargetDependency */,
			);
			name = XXPROJECT_IDXXTests;
			productName = XXPROJECT_TITLEXXTests;
			productReference = 95DEE40017DBCFEB00FA04CC /* XXPROJECT_IDXXTests.octest */;
			productType = "com.apple.product-type.bundle";
		};
/* End PBXNativeTarget section */

/* Begin PBXProject section */
		95DEE3D817DBCFEA00FA04CC /* Project object */ = {
			isa = PBXProject;
			attributes = {
				CLASSPREFIX = XXCLASS_PREFIXXX;
				LastUpgradeCheck = 0460;
				ORGANIZATIONNAME = XXORGANIZATION_NAMEXX;
			};
			buildConfigurationList = 95DEE3DB17DBCFEA00FA04CC /* Build configuration list for PBXProject "XXPROJECT_IDXX" */;
			compatibilityVersion = "Xcode 3.2";
			developmentRegion = English;
			hasScannedForEncodings = 0;
			knownRegions = (
				en,
				nl,
			);
			mainGroup = 95DEE3D717DBCFEA00FA04CC;
			productRefGroup = 95DEE3E117DBCFEA00FA04CC /* Products */;
			projectDirPath = "";
			projectRoot = "";
			targets = (
				95DEE3DF17DBCFEA00FA04CC /* XXPROJECT_IDXX */,
				95DEE3FF17DBCFEB00FA04CC /* XXPROJECT_IDXXTests */,
			);
		};
/* End PBXProject section */

/* Begin PBXResourcesBuildPhase section */
		95DEE3DE17DBCFEA00FA04CC /* Resources */ = {
			isa = PBXResourcesBuildPhase;
			buildActionMask = 2147483647;
			files = (
				95DEE42017DBD03700FA04CC /* Default-568h@2x.png in Resources */,
				95AFC9B417DBD4E2000DA14F /* Localizable.strings in Resources */,
				95DEE42117DBD03700FA04CC /* Default.png in Resources */,
				95DEE42217DBD03700FA04CC /* Default@2x.png in Resources */,
			);
			runOnlyForDeploymentPostprocessing = 0;
		};
		95DEE3FD17DBCFEB00FA04CC /* Resources */ = {
			isa = PBXResourcesBuildPhase;
			buildActionMask = 2147483647;
			files = (
			);
			runOnlyForDeploymentPostprocessing = 0;
		};
/* End PBXResourcesBuildPhase section */

/* Begin PBXShellScriptBuildPhase section */
		95DEE3FE17DBCFEB00FA04CC /* ShellScript */ = {
			isa = PBXShellScriptBuildPhase;
			buildActionMask = 2147483647;
			files = (
			);
			inputPaths = (
			);
			outputPaths = (
			);
			runOnlyForDeploymentPostprocessing = 0;
			shellPath = /bin/sh;
			shellScript = "# Run the unit tests in this test bundle.\n\"${SYSTEM_DEVELOPER_DIR}/Tools/RunUnitTests\"\n";
		};
/* End PBXShellScriptBuildPhase section */

/* Begin PBXSourcesBuildPhase section */
		95DEE3DC17DBCFEA00FA04CC /* Sources */ = {
			isa = PBXSourcesBuildPhase;
			buildActionMask = 2147483647;
			files = (
				95DEE3F017DBCFEA00FA04CC /* main.m in Sources */,
				95AFC9A917DBD374000DA14F /* XXCLASS_PREFIXXXRootViewController.m in Sources */,
				95DEE42317DBD03700FA04CC /* XXCLASS_PREFIXXXAppDelegate.m in Sources */,
			);
			runOnlyForDeploymentPostprocessing = 0;
		};
		95DEE3FB17DBCFEB00FA04CC /* Sources */ = {
			isa = PBXSourcesBuildPhase;
			buildActionMask = 2147483647;
			files = (
				95DEE40F17DBCFEB00FA04CC /* XXPROJECT_IDXXTests.m in Sources */,
			);
			runOnlyForDeploymentPostprocessing = 0;
		};
/* End PBXSourcesBuildPhase section */

/* Begin PBXTargetDependency section */
		95DEE40617DBCFEB00FA04CC /* PBXTargetDependency */ = {
			isa = PBXTargetDependency;
			target = 95DEE3DF17DBCFEA00FA04CC /* XXPROJECT_IDXX */;
			targetProxy = 95DEE40517DBCFEB00FA04CC /* PBXContainerItemProxy */;
		};
/* End PBXTargetDependency section */

/* Begin PBXVariantGroup section */
		95AFC9B217DBD4E2000DA14F /* Localizable.strings */ = {
			isa = PBXVariantGroup;
			children = (
				95AFC9B317DBD4E2000DA14F /* en */,
				95AFC9B517DBD4E8000DA14F /* nl */,
			);
			name = Localizable.strings;
			sourceTree = "<group>";
		};
/* End PBXVariantGroup section */

/* Begin XCBuildConfiguration section */
		95DEE41017DBCFEB00FA04CC /* Debug */ = {
			isa = XCBuildConfiguration;
			baseConfigurationReference = 95AFC9B617DBD76F000DA14F /* Base.xcconfig */;
			buildSettings = {
				ALWAYS_SEARCH_USER_PATHS = NO;
				CLANG_CXX_LANGUAGE_STANDARD = "gnu++0x";
				CLANG_CXX_LIBRARY = "libc++";
				CLANG_ENABLE_OBJC_ARC = YES;
				CLANG_WARN_CONSTANT_CONVERSION = YES;
				CLANG_WARN_EMPTY_BODY = YES;
				CLANG_WARN_ENUM_CONVERSION = YES;
				CLANG_WARN_INT_CONVERSION = YES;
				CLANG_WARN__DUPLICATE_METHOD_MATCH = YES;
				"CODE_SIGN_IDENTITY[sdk=iphoneos*]" = "iPhone Developer";
				COPY_PHASE_STRIP = NO;
				GCC_C_LANGUAGE_STANDARD = gnu99;
				GCC_DYNAMIC_NO_PIC = NO;
				GCC_OPTIMIZATION_LEVEL = 0;
				GCC_PREPROCESSOR_DEFINITIONS = (
					"DEBUG=1",
					"$(inherited)",
				);
				GCC_SYMBOLS_PRIVATE_EXTERN = NO;
				GCC_WARN_ABOUT_RETURN_TYPE = YES;
				GCC_WARN_UNINITIALIZED_AUTOS = YES;
				GCC_WARN_UNUSED_VARIABLE = YES;
				IPHONEOS_DEPLOYMENT_TARGET = 6.1;
				ONLY_ACTIVE_ARCH = YES;
				SDKROOT = iphoneos;
			};
			name = Debug;
		};
		95DEE41117DBCFEB00FA04CC /* Release */ = {
			isa = XCBuildConfiguration;
			baseConfigurationReference = 95AFC9B617DBD76F000DA14F /* Base.xcconfig */;
			buildSettings = {
				ALWAYS_SEARCH_USER_PATHS = NO;
				CLANG_CXX_LANGUAGE_STANDARD = "gnu++0x";
				CLANG_CXX_LIBRARY = "libc++";
				CLANG_ENABLE_OBJC_ARC = YES;
				CLANG_WARN_CONSTANT_CONVERSION = YES;
				CLANG_WARN_EMPTY_BODY = YES;
				CLANG_WARN_ENUM_CONVERSION = YES;
				CLANG_WARN_INT_CONVERSION = YES;
				CLANG_WARN__DUPLICATE_METHOD_MATCH = YES;
				"CODE_SIGN_IDENTITY[sdk=iphoneos*]" = "iPhone Developer";
				COPY_PHASE_STRIP = YES;
				GCC_C_LANGUAGE_STANDARD = gnu99;
				GCC_WARN_ABOUT_RETURN_TYPE = YES;
				GCC_WARN_UNINITIALIZED_AUTOS = YES;
				GCC_WARN_UNUSED_VARIABLE = YES;
				IPHONEOS_DEPLOYMENT_TARGET = 6.1;
				OTHER_CFLAGS = "-DNS_BLOCK_ASSERTIONS=1";
				SDKROOT = iphoneos;
				VALIDATE_PRODUCT = YES;
			};
			name = Release;
		};
		95DEE41317DBCFEB00FA04CC /* Debug */ = {
			isa = XCBuildConfiguration;
			buildSettings = {
				GCC_PRECOMPILE_PREFIX_HEADER = YES;
				GCC_PREFIX_HEADER = "XXPROJECT_IDXX/XXPROJECT_IDXX-Prefix.pch";
				INFOPLIST_FILE = "XXPROJECT_IDXX/XXPROJECT_IDXX-Info.plist";
				PRODUCT_NAME = XXPROJECT_IDXX;
				WRAPPER_EXTENSION = app;
			};
			name = Debug;
		};
		95DEE41417DBCFEB00FA04CC /* Release */ = {
			isa = XCBuildConfiguration;
			buildSettings = {
				GCC_PRECOMPILE_PREFIX_HEADER = YES;
				GCC_PREFIX_HEADER = "XXPROJECT_IDXX/XXPROJECT_IDXX-Prefix.pch";
				INFOPLIST_FILE = "XXPROJECT_IDXX/XXPROJECT_IDXX-Info.plist";
				PRODUCT_NAME = XXPROJECT_IDXX;
				WRAPPER_EXTENSION = app;
			};
			name = Release;
		};
		95DEE41617DBCFEB00FA04CC /* Debug */ = {
			isa = XCBuildConfiguration;
			buildSettings = {
				BUNDLE_LOADER = "$(BUILT_PRODUCTS_DIR)/XXPROJECT_IDXX.app/XXPROJECT_IDXX";
				FRAMEWORK_SEARCH_PATHS = (
					"\"$(SDKROOT)/Developer/Library/Frameworks\"",
					"\"$(DEVELOPER_LIBRARY_DIR)/Frameworks\"",
				);
				GCC_PRECOMPILE_PREFIX_HEADER = YES;
				GCC_PREFIX_HEADER = "XXPROJECT_IDXX/XXPROJECT_IDXX-Prefix.pch";
				INFOPLIST_FILE = "XXPROJECT_TITLEXX/XXPROJECT_IDXX-Info.plist";
				PRODUCT_NAME = XXPROJECT_IDXXTests;
				TEST_HOST = "$(BUNDLE_LOADER)";
				WRAPPER_EXTENSION = octest;
			};
			name = Debug;
		};
		95DEE41717DBCFEB00FA04CC /* Release */ = {
			isa = XCBuildConfiguration;
			buildSettings = {
				BUNDLE_LOADER = "$(BUILT_PRODUCTS_DIR)/XXPROJECT_IDXX.app/XXPROJECT_IDXX";
				FRAMEWORK_SEARCH_PATHS = (
					"\"$(SDKROOT)/Developer/Library/Frameworks\"",
					"\"$(DEVELOPER_LIBRARY_DIR)/Frameworks\"",
				);
				GCC_PRECOMPILE_PREFIX_HEADER = YES;
				GCC_PREFIX_HEADER = "XXPROJECT_IDXX/XXPROJECT_IDXX-Prefix.pch";
				INFOPLIST_FILE = "XXPROJECT_TITLEXX/XXPROJECT_IDXX-Info.plist";
				PRODUCT_NAME = XXPROJECT_IDXXTests;
				TEST_HOST = "$(BUNDLE_LOADER)";
				WRAPPER_EXTENSION = octest;
			};
			name = Release;
		};
/* End XCBuildConfiguration section */

/* Begin XCConfigurationList section */
		95DEE3DB17DBCFEA00FA04CC /* Build configuration list for PBXProject "XXPROJECT_IDXX" */ = {
			isa = XCConfigurationList;
			buildConfigurations = (
				95DEE41017DBCFEB00FA04CC /* Debug */,
				95DEE41117DBCFEB00FA04CC /* Release */,
			);
			defaultConfigurationIsVisible = 0;
			defaultConfigurationName = Release;
		};
		95DEE41217DBCFEB00FA04CC /* Build configuration list for PBXNativeTarget "XXPROJECT_IDXX" */ = {
			isa = XCConfigurationList;
			buildConfigurations = (
				95DEE41317DBCFEB00FA04CC /* Debug */,
				95DEE41417DBCFEB00FA04CC /* Release */,
			);
			defaultConfigurationIsVisible = 0;
			defaultConfigurationName = Release;
		};
		95DEE41517DBCFEB00FA04CC /* Build configuration list for PBXNativeTarget "XXPROJECT_IDXXTests" */ = {
			isa = XCConfigurationList;
			buildConfigurations = (
				95DEE41617DBCFEB00FA04CC /* Debug */,
				95DEE41717DBCFEB00FA04CC /* Release */,
			);
			defaultConfigurationIsVisible = 0;
			defaultConfigurationName = Release;
		};
/* End XCConfigurationList section */
	};
	rootObject = 95DEE3D817DBCFEA00FA04CC /* Project object */;
}
